// !$*UTF8*$!
{
	archiveVersion = 1;
	classes = {
	};
	objectVersion = 51;
	objects = {

/* Begin PBXBuildFile section */
		12044F3EE6BB1BE5FA316AC0 /* Pods_DiscountSpotify_DiscountSpotifyUITests.framework in Frameworks */ = {isa = PBXBuildFile; fileRef = 8242A82A87D69F68032CD2BF /* Pods_DiscountSpotify_DiscountSpotifyUITests.framework */; };
		3BFAF8C53101C78220778D76 /* Pods_DiscountSpotifyTests.framework in Frameworks */ = {isa = PBXBuildFile; fileRef = D050AE8FE1B11611AFB408CB /* Pods_DiscountSpotifyTests.framework */; };
		5C526E6A62958AFBA660E7E7 /* Pods_DiscountSpotify.framework in Frameworks */ = {isa = PBXBuildFile; fileRef = 5A555F5E183C55AC5922D512 /* Pods_DiscountSpotify.framework */; };
		FE01B7B7255E114C00C7D437 /* AppDelegate.swift in Sources */ = {isa = PBXBuildFile; fileRef = FE01B7B6255E114C00C7D437 /* AppDelegate.swift */; };
		FE01B7B9255E114C00C7D437 /* SceneDelegate.swift in Sources */ = {isa = PBXBuildFile; fileRef = FE01B7B8255E114C00C7D437 /* SceneDelegate.swift */; };
		FE01B7BB255E114C00C7D437 /* LogInController.swift in Sources */ = {isa = PBXBuildFile; fileRef = FE01B7BA255E114C00C7D437 /* LogInController.swift */; };
		FE01B7C1255E114C00C7D437 /* DiscountSpotify.xcdatamodeld in Sources */ = {isa = PBXBuildFile; fileRef = FE01B7BF255E114C00C7D437 /* DiscountSpotify.xcdatamodeld */; };
		FE01B7C3255E114E00C7D437 /* Assets.xcassets in Resources */ = {isa = PBXBuildFile; fileRef = FE01B7C2255E114E00C7D437 /* Assets.xcassets */; };
		FE01B7C6255E114E00C7D437 /* LaunchScreen.storyboard in Resources */ = {isa = PBXBuildFile; fileRef = FE01B7C4255E114E00C7D437 /* LaunchScreen.storyboard */; };
		FE01B7D1255E114F00C7D437 /* DiscountSpotifyTests.swift in Sources */ = {isa = PBXBuildFile; fileRef = FE01B7D0255E114F00C7D437 /* DiscountSpotifyTests.swift */; };
		FE01B7DC255E114F00C7D437 /* DiscountSpotifyUITests.swift in Sources */ = {isa = PBXBuildFile; fileRef = FE01B7DB255E114F00C7D437 /* DiscountSpotifyUITests.swift */; };
		FE01B7ED255E137B00C7D437 /* Constants.swift in Sources */ = {isa = PBXBuildFile; fileRef = FE01B7EC255E137B00C7D437 /* Constants.swift */; };
		FE06B9612580C10200A38D89 /* TracksTableViewCell.swift in Sources */ = {isa = PBXBuildFile; fileRef = FE06B9602580C10200A38D89 /* TracksTableViewCell.swift */; };
		FE0B62422576CDA300FE0C30 /* TabBarCoordinator.swift in Sources */ = {isa = PBXBuildFile; fileRef = FE0B62412576CDA300FE0C30 /* TabBarCoordinator.swift */; };
		FE0B62472576CDB400FE0C30 /* Coordinator.swift in Sources */ = {isa = PBXBuildFile; fileRef = FE0B62462576CDB400FE0C30 /* Coordinator.swift */; };
		FE0B624C2576CF5F00FE0C30 /* TabBarController.swift in Sources */ = {isa = PBXBuildFile; fileRef = FE0B624B2576CF5F00FE0C30 /* TabBarController.swift */; };
		FE0B62512576CFBA00FE0C30 /* HomeController.swift in Sources */ = {isa = PBXBuildFile; fileRef = FE0B62502576CFBA00FE0C30 /* HomeController.swift */; };
		FE0B62562576CFC900FE0C30 /* FavoritesController.swift in Sources */ = {isa = PBXBuildFile; fileRef = FE0B62552576CFC900FE0C30 /* FavoritesController.swift */; };
		FE0B625B2576CFD500FE0C30 /* ProfileController.swift in Sources */ = {isa = PBXBuildFile; fileRef = FE0B625A2576CFD500FE0C30 /* ProfileController.swift */; };
		FE0B62632576D31A00FE0C30 /* AppCoordinator.swift in Sources */ = {isa = PBXBuildFile; fileRef = FE0B62622576D31A00FE0C30 /* AppCoordinator.swift */; };
		FE0B626B2576E07C00FE0C30 /* UIColor+Extensions.swift in Sources */ = {isa = PBXBuildFile; fileRef = FE0B626A2576E07C00FE0C30 /* UIColor+Extensions.swift */; };
		FE51409D25ACF21C00E90BFA /* UINavigationController+Extensions.swift in Sources */ = {isa = PBXBuildFile; fileRef = FE51409C25ACF21C00E90BFA /* UINavigationController+Extensions.swift */; };
		FE5140A225AD576600E90BFA /* MaxPlayerController.swift in Sources */ = {isa = PBXBuildFile; fileRef = FE5140A125AD576600E90BFA /* MaxPlayerController.swift */; };
		FE5C51BD2580A2F500A5B7E5 /* UIViewController+Extensions.swift in Sources */ = {isa = PBXBuildFile; fileRef = FE5C51BC2580A2F500A5B7E5 /* UIViewController+Extensions.swift */; };
		FE5C51C32580B70100A5B7E5 /* ArtistController.swift in Sources */ = {isa = PBXBuildFile; fileRef = FE5C51C22580B70100A5B7E5 /* ArtistController.swift */; };
		FE5DF08925818B0A002CED16 /* SpotifyAuth.swift in Sources */ = {isa = PBXBuildFile; fileRef = FE5DF08825818B0A002CED16 /* SpotifyAuth.swift */; };
		FE5DF08E25818C03002CED16 /* ErrorMesseges.swift in Sources */ = {isa = PBXBuildFile; fileRef = FE5DF08D25818C03002CED16 /* ErrorMesseges.swift */; };
		FE5DF09325819606002CED16 /* User.swift in Sources */ = {isa = PBXBuildFile; fileRef = FE5DF09225819606002CED16 /* User.swift */; };
		FE5DF0B82581DE21002CED16 /* TrackController.swift in Sources */ = {isa = PBXBuildFile; fileRef = FE5DF0B72581DE21002CED16 /* TrackController.swift */; };
		FE5DF0BE25822B90002CED16 /* CoreDataStack.swift in Sources */ = {isa = PBXBuildFile; fileRef = FE5DF0BD25822B90002CED16 /* CoreDataStack.swift */; };
		FE6D56B025AC1B33005307F8 /* TrackSubscriber.swift in Sources */ = {isa = PBXBuildFile; fileRef = FE6D56AF25AC1B33005307F8 /* TrackSubscriber.swift */; };
		FE6D56BC25AC1DB9005307F8 /* SpotifyiOS.framework in Frameworks */ = {isa = PBXBuildFile; fileRef = FE6D56BB25AC1DB9005307F8 /* SpotifyiOS.framework */; };
		FE6D56C725AC2447005307F8 /* UserDefaults+Extensions.swift in Sources */ = {isa = PBXBuildFile; fileRef = FE6D56C625AC2447005307F8 /* UserDefaults+Extensions.swift */; };
		FE6D56CC25AC252F005307F8 /* Defaults.swift in Sources */ = {isa = PBXBuildFile; fileRef = FE6D56CB25AC252F005307F8 /* Defaults.swift */; };
		FE6D56D125AC2E90005307F8 /* MiniPlayerController.swift in Sources */ = {isa = PBXBuildFile; fileRef = FE6D56D025AC2E90005307F8 /* MiniPlayerController.swift */; };
		FE6D56D925AC311B005307F8 /* Track+Extensions.swift in Sources */ = {isa = PBXBuildFile; fileRef = FE6D56D825AC311B005307F8 /* Track+Extensions.swift */; };
		FE76C5C725AD824F00F68B53 /* AppService.swift in Sources */ = {isa = PBXBuildFile; fileRef = FE76C5C625AD824F00F68B53 /* AppService.swift */; };
		FE76C5CC25AD856900F68B53 /* UIView+Extensions.swift in Sources */ = {isa = PBXBuildFile; fileRef = FE76C5CB25AD856900F68B53 /* UIView+Extensions.swift */; };
		FE76C5D125AD87AA00F68B53 /* TrackRemoteController.swift in Sources */ = {isa = PBXBuildFile; fileRef = FE76C5D025AD87AA00F68B53 /* TrackRemoteController.swift */; };
		FE76C5DE25AE1E3E00F68B53 /* MiniPlayerView.swift in Sources */ = {isa = PBXBuildFile; fileRef = FE76C5DD25AE1E3E00F68B53 /* MiniPlayerView.swift */; };
		FE7FE5D3258046D9000978AD /* NetworkManager.swift in Sources */ = {isa = PBXBuildFile; fileRef = FE7FE5D2258046D9000978AD /* NetworkManager.swift */; };
		FE9A10EC257A11EB0041A7A1 /* ArtistsTableViewCell.swift in Sources */ = {isa = PBXBuildFile; fileRef = FE9A10EB257A11EB0041A7A1 /* ArtistsTableViewCell.swift */; };
		FECF685925A94A36009EA06E /* FavTracks+CoreDataClass.swift in Sources */ = {isa = PBXBuildFile; fileRef = FECF685725A94A36009EA06E /* FavTracks+CoreDataClass.swift */; };
		FECF685A25A94A36009EA06E /* FavTracks+CoreDataProperties.swift in Sources */ = {isa = PBXBuildFile; fileRef = FECF685825A94A36009EA06E /* FavTracks+CoreDataProperties.swift */; };
		FED9333825BD3A86005E5E73 /* Blurring.swift in Sources */ = {isa = PBXBuildFile; fileRef = FED9333725BD3A86005E5E73 /* Blurring.swift */; };
/* End PBXBuildFile section */

/* Begin PBXContainerItemProxy section */
		FE01B7CD255E114F00C7D437 /* PBXContainerItemProxy */ = {
			isa = PBXContainerItemProxy;
			containerPortal = FE01B7AB255E114C00C7D437 /* Project object */;
			proxyType = 1;
			remoteGlobalIDString = FE01B7B2255E114C00C7D437;
			remoteInfo = DiscountSpotify;
		};
		FE01B7D8255E114F00C7D437 /* PBXContainerItemProxy */ = {
			isa = PBXContainerItemProxy;
			containerPortal = FE01B7AB255E114C00C7D437 /* Project object */;
			proxyType = 1;
			remoteGlobalIDString = FE01B7B2255E114C00C7D437;
			remoteInfo = DiscountSpotify;
		};
/* End PBXContainerItemProxy section */

/* Begin PBXFileReference section */
		157FD2E29CF79B868B14EF11 /* Pods-DiscountSpotify-DiscountSpotifyUITests.release.xcconfig */ = {isa = PBXFileReference; includeInIndex = 1; lastKnownFileType = text.xcconfig; name = "Pods-DiscountSpotify-DiscountSpotifyUITests.release.xcconfig"; path = "Target Support Files/Pods-DiscountSpotify-DiscountSpotifyUITests/Pods-DiscountSpotify-DiscountSpotifyUITests.release.xcconfig"; sourceTree = "<group>"; };
		5A033215616A27854426C5B6 /* Pods-DiscountSpotifyTests.debug.xcconfig */ = {isa = PBXFileReference; includeInIndex = 1; lastKnownFileType = text.xcconfig; name = "Pods-DiscountSpotifyTests.debug.xcconfig"; path = "Target Support Files/Pods-DiscountSpotifyTests/Pods-DiscountSpotifyTests.debug.xcconfig"; sourceTree = "<group>"; };
		5A555F5E183C55AC5922D512 /* Pods_DiscountSpotify.framework */ = {isa = PBXFileReference; explicitFileType = wrapper.framework; includeInIndex = 0; path = Pods_DiscountSpotify.framework; sourceTree = BUILT_PRODUCTS_DIR; };
		8242A82A87D69F68032CD2BF /* Pods_DiscountSpotify_DiscountSpotifyUITests.framework */ = {isa = PBXFileReference; explicitFileType = wrapper.framework; includeInIndex = 0; path = Pods_DiscountSpotify_DiscountSpotifyUITests.framework; sourceTree = BUILT_PRODUCTS_DIR; };
		A5B157293A55508DB3FA0056 /* Pods-DiscountSpotifyTests.release.xcconfig */ = {isa = PBXFileReference; includeInIndex = 1; lastKnownFileType = text.xcconfig; name = "Pods-DiscountSpotifyTests.release.xcconfig"; path = "Target Support Files/Pods-DiscountSpotifyTests/Pods-DiscountSpotifyTests.release.xcconfig"; sourceTree = "<group>"; };
		B360BFDBC7856BDD1AF19A17 /* Pods-DiscountSpotify-DiscountSpotifyUITests.debug.xcconfig */ = {isa = PBXFileReference; includeInIndex = 1; lastKnownFileType = text.xcconfig; name = "Pods-DiscountSpotify-DiscountSpotifyUITests.debug.xcconfig"; path = "Target Support Files/Pods-DiscountSpotify-DiscountSpotifyUITests/Pods-DiscountSpotify-DiscountSpotifyUITests.debug.xcconfig"; sourceTree = "<group>"; };
		B6C28F5A9F809D26901C5325 /* Pods-DiscountSpotify.release.xcconfig */ = {isa = PBXFileReference; includeInIndex = 1; lastKnownFileType = text.xcconfig; name = "Pods-DiscountSpotify.release.xcconfig"; path = "Target Support Files/Pods-DiscountSpotify/Pods-DiscountSpotify.release.xcconfig"; sourceTree = "<group>"; };
		D050AE8FE1B11611AFB408CB /* Pods_DiscountSpotifyTests.framework */ = {isa = PBXFileReference; explicitFileType = wrapper.framework; includeInIndex = 0; path = Pods_DiscountSpotifyTests.framework; sourceTree = BUILT_PRODUCTS_DIR; };
		D9B6661EB49FAF49A5774C45 /* Pods-DiscountSpotify.debug.xcconfig */ = {isa = PBXFileReference; includeInIndex = 1; lastKnownFileType = text.xcconfig; name = "Pods-DiscountSpotify.debug.xcconfig"; path = "Target Support Files/Pods-DiscountSpotify/Pods-DiscountSpotify.debug.xcconfig"; sourceTree = "<group>"; };
		FE01B7B3255E114C00C7D437 /* DiscountSpotify.app */ = {isa = PBXFileReference; explicitFileType = wrapper.application; includeInIndex = 0; path = DiscountSpotify.app; sourceTree = BUILT_PRODUCTS_DIR; };
		FE01B7B6255E114C00C7D437 /* AppDelegate.swift */ = {isa = PBXFileReference; lastKnownFileType = sourcecode.swift; path = AppDelegate.swift; sourceTree = "<group>"; };
		FE01B7B8255E114C00C7D437 /* SceneDelegate.swift */ = {isa = PBXFileReference; lastKnownFileType = sourcecode.swift; path = SceneDelegate.swift; sourceTree = "<group>"; };
		FE01B7BA255E114C00C7D437 /* LogInController.swift */ = {isa = PBXFileReference; lastKnownFileType = sourcecode.swift; path = LogInController.swift; sourceTree = "<group>"; };
		FE01B7C0255E114C00C7D437 /* DiscountSpotify.xcdatamodel */ = {isa = PBXFileReference; lastKnownFileType = wrapper.xcdatamodel; path = DiscountSpotify.xcdatamodel; sourceTree = "<group>"; };
		FE01B7C2255E114E00C7D437 /* Assets.xcassets */ = {isa = PBXFileReference; lastKnownFileType = folder.assetcatalog; path = Assets.xcassets; sourceTree = "<group>"; };
		FE01B7C5255E114E00C7D437 /* Base */ = {isa = PBXFileReference; lastKnownFileType = file.storyboard; name = Base; path = Base.lproj/LaunchScreen.storyboard; sourceTree = "<group>"; };
		FE01B7C7255E114E00C7D437 /* Info.plist */ = {isa = PBXFileReference; lastKnownFileType = text.plist.xml; name = Info.plist; path = "DiscountSpotify/Supporting Files/Info.plist"; sourceTree = SOURCE_ROOT; };
		FE01B7CC255E114F00C7D437 /* DiscountSpotifyTests.xctest */ = {isa = PBXFileReference; explicitFileType = wrapper.cfbundle; includeInIndex = 0; path = DiscountSpotifyTests.xctest; sourceTree = BUILT_PRODUCTS_DIR; };
		FE01B7D0255E114F00C7D437 /* DiscountSpotifyTests.swift */ = {isa = PBXFileReference; lastKnownFileType = sourcecode.swift; path = DiscountSpotifyTests.swift; sourceTree = "<group>"; };
		FE01B7D2255E114F00C7D437 /* Info.plist */ = {isa = PBXFileReference; lastKnownFileType = text.plist.xml; path = Info.plist; sourceTree = "<group>"; };
		FE01B7D7255E114F00C7D437 /* DiscountSpotifyUITests.xctest */ = {isa = PBXFileReference; explicitFileType = wrapper.cfbundle; includeInIndex = 0; path = DiscountSpotifyUITests.xctest; sourceTree = BUILT_PRODUCTS_DIR; };
		FE01B7DB255E114F00C7D437 /* DiscountSpotifyUITests.swift */ = {isa = PBXFileReference; lastKnownFileType = sourcecode.swift; path = DiscountSpotifyUITests.swift; sourceTree = "<group>"; };
		FE01B7DD255E114F00C7D437 /* Info.plist */ = {isa = PBXFileReference; lastKnownFileType = text.plist.xml; path = Info.plist; sourceTree = "<group>"; };
		FE01B7EC255E137B00C7D437 /* Constants.swift */ = {isa = PBXFileReference; lastKnownFileType = sourcecode.swift; path = Constants.swift; sourceTree = "<group>"; };
		FE06B9602580C10200A38D89 /* TracksTableViewCell.swift */ = {isa = PBXFileReference; lastKnownFileType = sourcecode.swift; path = TracksTableViewCell.swift; sourceTree = "<group>"; };
		FE0B62412576CDA300FE0C30 /* TabBarCoordinator.swift */ = {isa = PBXFileReference; lastKnownFileType = sourcecode.swift; path = TabBarCoordinator.swift; sourceTree = "<group>"; };
		FE0B62462576CDB400FE0C30 /* Coordinator.swift */ = {isa = PBXFileReference; lastKnownFileType = sourcecode.swift; path = Coordinator.swift; sourceTree = "<group>"; };
		FE0B624B2576CF5F00FE0C30 /* TabBarController.swift */ = {isa = PBXFileReference; lastKnownFileType = sourcecode.swift; path = TabBarController.swift; sourceTree = "<group>"; };
		FE0B62502576CFBA00FE0C30 /* HomeController.swift */ = {isa = PBXFileReference; lastKnownFileType = sourcecode.swift; path = HomeController.swift; sourceTree = "<group>"; };
		FE0B62552576CFC900FE0C30 /* FavoritesController.swift */ = {isa = PBXFileReference; lastKnownFileType = sourcecode.swift; path = FavoritesController.swift; sourceTree = "<group>"; };
		FE0B625A2576CFD500FE0C30 /* ProfileController.swift */ = {isa = PBXFileReference; lastKnownFileType = sourcecode.swift; path = ProfileController.swift; sourceTree = "<group>"; };
		FE0B62622576D31A00FE0C30 /* AppCoordinator.swift */ = {isa = PBXFileReference; lastKnownFileType = sourcecode.swift; path = AppCoordinator.swift; sourceTree = "<group>"; };
		FE0B626A2576E07C00FE0C30 /* UIColor+Extensions.swift */ = {isa = PBXFileReference; lastKnownFileType = sourcecode.swift; path = "UIColor+Extensions.swift"; sourceTree = "<group>"; };
		FE51409C25ACF21C00E90BFA /* UINavigationController+Extensions.swift */ = {isa = PBXFileReference; lastKnownFileType = sourcecode.swift; path = "UINavigationController+Extensions.swift"; sourceTree = "<group>"; };
		FE5140A125AD576600E90BFA /* MaxPlayerController.swift */ = {isa = PBXFileReference; lastKnownFileType = sourcecode.swift; path = MaxPlayerController.swift; sourceTree = "<group>"; };
		FE5C51BC2580A2F500A5B7E5 /* UIViewController+Extensions.swift */ = {isa = PBXFileReference; lastKnownFileType = sourcecode.swift; path = "UIViewController+Extensions.swift"; sourceTree = "<group>"; };
		FE5C51C22580B70100A5B7E5 /* ArtistController.swift */ = {isa = PBXFileReference; lastKnownFileType = sourcecode.swift; path = ArtistController.swift; sourceTree = "<group>"; };
		FE5DF08825818B0A002CED16 /* SpotifyAuth.swift */ = {isa = PBXFileReference; lastKnownFileType = sourcecode.swift; path = SpotifyAuth.swift; sourceTree = "<group>"; };
		FE5DF08D25818C03002CED16 /* ErrorMesseges.swift */ = {isa = PBXFileReference; lastKnownFileType = sourcecode.swift; path = ErrorMesseges.swift; sourceTree = "<group>"; };
		FE5DF09225819606002CED16 /* User.swift */ = {isa = PBXFileReference; lastKnownFileType = sourcecode.swift; path = User.swift; sourceTree = "<group>"; };
		FE5DF0B72581DE21002CED16 /* TrackController.swift */ = {isa = PBXFileReference; lastKnownFileType = sourcecode.swift; path = TrackController.swift; sourceTree = "<group>"; };
		FE5DF0BD25822B90002CED16 /* CoreDataStack.swift */ = {isa = PBXFileReference; lastKnownFileType = sourcecode.swift; path = CoreDataStack.swift; sourceTree = "<group>"; };
		FE6D56AF25AC1B33005307F8 /* TrackSubscriber.swift */ = {isa = PBXFileReference; lastKnownFileType = sourcecode.swift; path = TrackSubscriber.swift; sourceTree = "<group>"; };
		FE6D56B425AC1BEF005307F8 /* DiscountSpotify-Bridging-Header.h */ = {isa = PBXFileReference; lastKnownFileType = sourcecode.c.h; path = "DiscountSpotify-Bridging-Header.h"; sourceTree = "<group>"; };
		FE6D56BB25AC1DB9005307F8 /* SpotifyiOS.framework */ = {isa = PBXFileReference; lastKnownFileType = wrapper.framework; path = SpotifyiOS.framework; sourceTree = "<group>"; };
		FE6D56C625AC2447005307F8 /* UserDefaults+Extensions.swift */ = {isa = PBXFileReference; lastKnownFileType = sourcecode.swift; path = "UserDefaults+Extensions.swift"; sourceTree = "<group>"; };
		FE6D56CB25AC252F005307F8 /* Defaults.swift */ = {isa = PBXFileReference; lastKnownFileType = sourcecode.swift; path = Defaults.swift; sourceTree = "<group>"; };
		FE6D56D025AC2E90005307F8 /* MiniPlayerController.swift */ = {isa = PBXFileReference; lastKnownFileType = sourcecode.swift; path = MiniPlayerController.swift; sourceTree = "<group>"; };
		FE6D56D825AC311B005307F8 /* Track+Extensions.swift */ = {isa = PBXFileReference; lastKnownFileType = sourcecode.swift; path = "Track+Extensions.swift"; sourceTree = "<group>"; };
		FE76C5C625AD824F00F68B53 /* AppService.swift */ = {isa = PBXFileReference; lastKnownFileType = sourcecode.swift; path = AppService.swift; sourceTree = "<group>"; };
		FE76C5CB25AD856900F68B53 /* UIView+Extensions.swift */ = {isa = PBXFileReference; lastKnownFileType = sourcecode.swift; path = "UIView+Extensions.swift"; sourceTree = "<group>"; };
		FE76C5D025AD87AA00F68B53 /* TrackRemoteController.swift */ = {isa = PBXFileReference; lastKnownFileType = sourcecode.swift; path = TrackRemoteController.swift; sourceTree = "<group>"; };
		FE76C5DD25AE1E3E00F68B53 /* MiniPlayerView.swift */ = {isa = PBXFileReference; lastKnownFileType = sourcecode.swift; path = MiniPlayerView.swift; sourceTree = "<group>"; };
		FE7FE5D2258046D9000978AD /* NetworkManager.swift */ = {isa = PBXFileReference; lastKnownFileType = sourcecode.swift; path = NetworkManager.swift; sourceTree = "<group>"; };
		FE9A10EB257A11EB0041A7A1 /* ArtistsTableViewCell.swift */ = {isa = PBXFileReference; lastKnownFileType = sourcecode.swift; path = ArtistsTableViewCell.swift; sourceTree = "<group>"; };
		FECF685725A94A36009EA06E /* FavTracks+CoreDataClass.swift */ = {isa = PBXFileReference; fileEncoding = 4; lastKnownFileType = sourcecode.swift; path = "FavTracks+CoreDataClass.swift"; sourceTree = "<group>"; };
		FECF685825A94A36009EA06E /* FavTracks+CoreDataProperties.swift */ = {isa = PBXFileReference; fileEncoding = 4; lastKnownFileType = sourcecode.swift; path = "FavTracks+CoreDataProperties.swift"; sourceTree = "<group>"; };
		FED9333725BD3A86005E5E73 /* Blurring.swift */ = {isa = PBXFileReference; lastKnownFileType = sourcecode.swift; path = Blurring.swift; sourceTree = "<group>"; };
/* End PBXFileReference section */

/* Begin PBXFrameworksBuildPhase section */
		FE01B7B0255E114C00C7D437 /* Frameworks */ = {
			isa = PBXFrameworksBuildPhase;
			buildActionMask = 2147483647;
			files = (
				5C526E6A62958AFBA660E7E7 /* Pods_DiscountSpotify.framework in Frameworks */,
				FE6D56BC25AC1DB9005307F8 /* SpotifyiOS.framework in Frameworks */,
			);
			runOnlyForDeploymentPostprocessing = 0;
		};
		FE01B7C9255E114F00C7D437 /* Frameworks */ = {
			isa = PBXFrameworksBuildPhase;
			buildActionMask = 2147483647;
			files = (
				3BFAF8C53101C78220778D76 /* Pods_DiscountSpotifyTests.framework in Frameworks */,
			);
			runOnlyForDeploymentPostprocessing = 0;
		};
		FE01B7D4255E114F00C7D437 /* Frameworks */ = {
			isa = PBXFrameworksBuildPhase;
			buildActionMask = 2147483647;
			files = (
				12044F3EE6BB1BE5FA316AC0 /* Pods_DiscountSpotify_DiscountSpotifyUITests.framework in Frameworks */,
			);
			runOnlyForDeploymentPostprocessing = 0;
		};
/* End PBXFrameworksBuildPhase section */

/* Begin PBXGroup section */
		3DA3CFB21B1281CE92F01E82 /* Frameworks */ = {
			isa = PBXGroup;
			children = (
				FE6D56BB25AC1DB9005307F8 /* SpotifyiOS.framework */,
				5A555F5E183C55AC5922D512 /* Pods_DiscountSpotify.framework */,
				8242A82A87D69F68032CD2BF /* Pods_DiscountSpotify_DiscountSpotifyUITests.framework */,
				D050AE8FE1B11611AFB408CB /* Pods_DiscountSpotifyTests.framework */,
			);
			name = Frameworks;
			sourceTree = "<group>";
		};
		F5EC7EC12B2A9DA58D30463C /* Pods */ = {
			isa = PBXGroup;
			children = (
				D9B6661EB49FAF49A5774C45 /* Pods-DiscountSpotify.debug.xcconfig */,
				B6C28F5A9F809D26901C5325 /* Pods-DiscountSpotify.release.xcconfig */,
				B360BFDBC7856BDD1AF19A17 /* Pods-DiscountSpotify-DiscountSpotifyUITests.debug.xcconfig */,
				157FD2E29CF79B868B14EF11 /* Pods-DiscountSpotify-DiscountSpotifyUITests.release.xcconfig */,
				5A033215616A27854426C5B6 /* Pods-DiscountSpotifyTests.debug.xcconfig */,
				A5B157293A55508DB3FA0056 /* Pods-DiscountSpotifyTests.release.xcconfig */,
			);
			path = Pods;
			sourceTree = "<group>";
		};
		FE01B7AA255E114C00C7D437 = {
			isa = PBXGroup;
			children = (
				FE6D56B425AC1BEF005307F8 /* DiscountSpotify-Bridging-Header.h */,
				FE01B7B5255E114C00C7D437 /* DiscountSpotify */,
				FE01B7CF255E114F00C7D437 /* DiscountSpotifyTests */,
				FE01B7DA255E114F00C7D437 /* DiscountSpotifyUITests */,
				FE01B7B4255E114C00C7D437 /* Products */,
				F5EC7EC12B2A9DA58D30463C /* Pods */,
				3DA3CFB21B1281CE92F01E82 /* Frameworks */,
			);
			sourceTree = "<group>";
		};
		FE01B7B4255E114C00C7D437 /* Products */ = {
			isa = PBXGroup;
			children = (
				FE01B7B3255E114C00C7D437 /* DiscountSpotify.app */,
				FE01B7CC255E114F00C7D437 /* DiscountSpotifyTests.xctest */,
				FE01B7D7255E114F00C7D437 /* DiscountSpotifyUITests.xctest */,
			);
			name = Products;
			sourceTree = "<group>";
		};
		FE01B7B5255E114C00C7D437 /* DiscountSpotify */ = {
			isa = PBXGroup;
			children = (
				FE76C5C525AD824200F68B53 /* Services */,
				FE01B7B6255E114C00C7D437 /* AppDelegate.swift */,
				FE01B7B8255E114C00C7D437 /* SceneDelegate.swift */,
				FE5DF0BC25822B7C002CED16 /* CoreDataStack */,
				FE9A10E7257A05EA0041A7A1 /* Models */,
				FE9A10E5257A05D60041A7A1 /* Controllers */,
				FECF686525A94E82009EA06E /* Views */,
				FEDBC6D1257717AF0021F4EE /* Helpers */,
				FE96CD122578C0B500B0E836 /* Network */,
				FEDBC6D2257717D80021F4EE /* Supporting Files */,
			);
			path = DiscountSpotify;
			sourceTree = "<group>";
		};
		FE01B7CF255E114F00C7D437 /* DiscountSpotifyTests */ = {
			isa = PBXGroup;
			children = (
				FE01B7D0255E114F00C7D437 /* DiscountSpotifyTests.swift */,
				FE01B7D2255E114F00C7D437 /* Info.plist */,
			);
			path = DiscountSpotifyTests;
			sourceTree = "<group>";
		};
		FE01B7DA255E114F00C7D437 /* DiscountSpotifyUITests */ = {
			isa = PBXGroup;
			children = (
				FE01B7DB255E114F00C7D437 /* DiscountSpotifyUITests.swift */,
				FE01B7DD255E114F00C7D437 /* Info.plist */,
			);
			path = DiscountSpotifyUITests;
			sourceTree = "<group>";
		};
		FE06B95E2580C0CF00A38D89 /* ArtistController */ = {
			isa = PBXGroup;
			children = (
				FE06B95F2580C0E600A38D89 /* Views */,
				FE5C51C22580B70100A5B7E5 /* ArtistController.swift */,
			);
			path = ArtistController;
			sourceTree = "<group>";
		};
		FE06B95F2580C0E600A38D89 /* Views */ = {
			isa = PBXGroup;
			children = (
				FE06B9602580C10200A38D89 /* TracksTableViewCell.swift */,
			);
			path = Views;
			sourceTree = "<group>";
		};
		FE5C51C12580B6E000A5B7E5 /* HomeController */ = {
			isa = PBXGroup;
			children = (
				FE9A10E6257A05E20041A7A1 /* Views */,
				FE0B62502576CFBA00FE0C30 /* HomeController.swift */,
			);
			path = HomeController;
			sourceTree = "<group>";
		};
		FE5DF0BC25822B7C002CED16 /* CoreDataStack */ = {
			isa = PBXGroup;
			children = (
				FECF685725A94A36009EA06E /* FavTracks+CoreDataClass.swift */,
				FECF685825A94A36009EA06E /* FavTracks+CoreDataProperties.swift */,
				FE01B7BF255E114C00C7D437 /* DiscountSpotify.xcdatamodeld */,
				FE5DF0BD25822B90002CED16 /* CoreDataStack.swift */,
			);
			path = CoreDataStack;
			sourceTree = "<group>";
		};
		FE5DF0D32582357C002CED16 /* Extensions */ = {
			isa = PBXGroup;
			children = (
				FE0B626A2576E07C00FE0C30 /* UIColor+Extensions.swift */,
				FE5C51BC2580A2F500A5B7E5 /* UIViewController+Extensions.swift */,
				FE6D56C625AC2447005307F8 /* UserDefaults+Extensions.swift */,
				FE6D56D825AC311B005307F8 /* Track+Extensions.swift */,
				FE51409C25ACF21C00E90BFA /* UINavigationController+Extensions.swift */,
				FE76C5CB25AD856900F68B53 /* UIView+Extensions.swift */,
			);
			path = Extensions;
			sourceTree = "<group>";
		};
		FE76C5C525AD824200F68B53 /* Services */ = {
			isa = PBXGroup;
			children = (
				FE76C5C625AD824F00F68B53 /* AppService.swift */,
			);
			path = Services;
			sourceTree = "<group>";
		};
		FE76C5D525AD87AD00F68B53 /* PlayerController */ = {
			isa = PBXGroup;
			children = (
				FE6D56D025AC2E90005307F8 /* MiniPlayerController.swift */,
				FE5140A125AD576600E90BFA /* MaxPlayerController.swift */,
				FE76C5D025AD87AA00F68B53 /* TrackRemoteController.swift */,
			);
			path = PlayerController;
			sourceTree = "<group>";
		};
		FE96CD122578C0B500B0E836 /* Network */ = {
			isa = PBXGroup;
			children = (
				FE7FE5D2258046D9000978AD /* NetworkManager.swift */,
				FE5DF08D25818C03002CED16 /* ErrorMesseges.swift */,
			);
			path = Network;
			sourceTree = "<group>";
		};
		FE9A10E5257A05D60041A7A1 /* Controllers */ = {
			isa = PBXGroup;
			children = (
				FE0B624B2576CF5F00FE0C30 /* TabBarController.swift */,
				FEDBC6D3257718070021F4EE /* UserFlow */,
			);
			path = Controllers;
			sourceTree = "<group>";
		};
		FE9A10E6257A05E20041A7A1 /* Views */ = {
			isa = PBXGroup;
			children = (
				FE9A10EB257A11EB0041A7A1 /* ArtistsTableViewCell.swift */,
			);
			path = Views;
			sourceTree = "<group>";
		};
		FE9A10E7257A05EA0041A7A1 /* Models */ = {
			isa = PBXGroup;
			children = (
				FE5DF08825818B0A002CED16 /* SpotifyAuth.swift */,
				FE5DF09225819606002CED16 /* User.swift */,
				FE6D56AF25AC1B33005307F8 /* TrackSubscriber.swift */,
				FED9333725BD3A86005E5E73 /* Blurring.swift */,
			);
			path = Models;
			sourceTree = "<group>";
		};
		FECF686525A94E82009EA06E /* Views */ = {
			isa = PBXGroup;
			children = (
				FE76C5DD25AE1E3E00F68B53 /* MiniPlayerView.swift */,
			);
			path = Views;
			sourceTree = "<group>";
		};
		FEDBC6D0257717550021F4EE /* Coordinators */ = {
			isa = PBXGroup;
			children = (
				FE0B62622576D31A00FE0C30 /* AppCoordinator.swift */,
				FE0B62462576CDB400FE0C30 /* Coordinator.swift */,
				FE0B62412576CDA300FE0C30 /* TabBarCoordinator.swift */,
			);
			path = Coordinators;
			sourceTree = "<group>";
		};
		FEDBC6D1257717AF0021F4EE /* Helpers */ = {
			isa = PBXGroup;
			children = (
				FE5DF0D32582357C002CED16 /* Extensions */,
				FEDBC6D0257717550021F4EE /* Coordinators */,
				FE01B7EC255E137B00C7D437 /* Constants.swift */,
				FE6D56CB25AC252F005307F8 /* Defaults.swift */,
			);
			path = Helpers;
			sourceTree = "<group>";
		};
		FEDBC6D2257717D80021F4EE /* Supporting Files */ = {
			isa = PBXGroup;
			children = (
				FE01B7C2255E114E00C7D437 /* Assets.xcassets */,
				FE01B7C4255E114E00C7D437 /* LaunchScreen.storyboard */,
				FE01B7C7255E114E00C7D437 /* Info.plist */,
			);
			path = "Supporting Files";
			sourceTree = "<group>";
		};
		FEDBC6D3257718070021F4EE /* UserFlow */ = {
			isa = PBXGroup;
			children = (
				FE76C5D525AD87AD00F68B53 /* PlayerController */,
				FE06B95E2580C0CF00A38D89 /* ArtistController */,
				FE5C51C12580B6E000A5B7E5 /* HomeController */,
				FE01B7BA255E114C00C7D437 /* LogInController.swift */,
				FE5DF0B72581DE21002CED16 /* TrackController.swift */,
				FE0B62552576CFC900FE0C30 /* FavoritesController.swift */,
				FE0B625A2576CFD500FE0C30 /* ProfileController.swift */,
			);
			path = UserFlow;
			sourceTree = "<group>";
		};
/* End PBXGroup section */

/* Begin PBXNativeTarget section */
		FE01B7B2255E114C00C7D437 /* DiscountSpotify */ = {
			isa = PBXNativeTarget;
			buildConfigurationList = FE01B7E0255E114F00C7D437 /* Build configuration list for PBXNativeTarget "DiscountSpotify" */;
			buildPhases = (
				B87E77B1BAB5E040E5D1281E /* [CP] Check Pods Manifest.lock */,
				FE01B7AF255E114C00C7D437 /* Sources */,
				FE01B7B0255E114C00C7D437 /* Frameworks */,
				FE01B7B1255E114C00C7D437 /* Resources */,
				6C9C0D6492405DC5A0DA72F1 /* [CP] Embed Pods Frameworks */,
			);
			buildRules = (
			);
			dependencies = (
			);
			name = DiscountSpotify;
			productName = DiscountSpotify;
			productReference = FE01B7B3255E114C00C7D437 /* DiscountSpotify.app */;
			productType = "com.apple.product-type.application";
		};
		FE01B7CB255E114F00C7D437 /* DiscountSpotifyTests */ = {
			isa = PBXNativeTarget;
			buildConfigurationList = FE01B7E3255E114F00C7D437 /* Build configuration list for PBXNativeTarget "DiscountSpotifyTests" */;
			buildPhases = (
				B8A410E572C323ED5FAE5325 /* [CP] Check Pods Manifest.lock */,
				FE01B7C8255E114F00C7D437 /* Sources */,
				FE01B7C9255E114F00C7D437 /* Frameworks */,
				FE01B7CA255E114F00C7D437 /* Resources */,
			);
			buildRules = (
			);
			dependencies = (
				FE01B7CE255E114F00C7D437 /* PBXTargetDependency */,
			);
			name = DiscountSpotifyTests;
			productName = DiscountSpotifyTests;
			productReference = FE01B7CC255E114F00C7D437 /* DiscountSpotifyTests.xctest */;
			productType = "com.apple.product-type.bundle.unit-test";
		};
		FE01B7D6255E114F00C7D437 /* DiscountSpotifyUITests */ = {
			isa = PBXNativeTarget;
			buildConfigurationList = FE01B7E6255E114F00C7D437 /* Build configuration list for PBXNativeTarget "DiscountSpotifyUITests" */;
			buildPhases = (
				023B3A37384F638F94ECA6DD /* [CP] Check Pods Manifest.lock */,
				FE01B7D3255E114F00C7D437 /* Sources */,
				FE01B7D4255E114F00C7D437 /* Frameworks */,
				FE01B7D5255E114F00C7D437 /* Resources */,
				09609E48CDE944E5EE6B0100 /* [CP] Embed Pods Frameworks */,
			);
			buildRules = (
			);
			dependencies = (
				FE01B7D9255E114F00C7D437 /* PBXTargetDependency */,
			);
			name = DiscountSpotifyUITests;
			productName = DiscountSpotifyUITests;
			productReference = FE01B7D7255E114F00C7D437 /* DiscountSpotifyUITests.xctest */;
			productType = "com.apple.product-type.bundle.ui-testing";
		};
/* End PBXNativeTarget section */

/* Begin PBXProject section */
		FE01B7AB255E114C00C7D437 /* Project object */ = {
			isa = PBXProject;
			attributes = {
				LastSwiftUpdateCheck = 1210;
				LastUpgradeCheck = 1210;
				TargetAttributes = {
					FE01B7B2255E114C00C7D437 = {
						CreatedOnToolsVersion = 12.1;
					};
					FE01B7CB255E114F00C7D437 = {
						CreatedOnToolsVersion = 12.1;
						TestTargetID = FE01B7B2255E114C00C7D437;
					};
					FE01B7D6255E114F00C7D437 = {
						CreatedOnToolsVersion = 12.1;
						TestTargetID = FE01B7B2255E114C00C7D437;
					};
				};
			};
			buildConfigurationList = FE01B7AE255E114C00C7D437 /* Build configuration list for PBXProject "DiscountSpotify" */;
			compatibilityVersion = "Xcode 9.3";
			developmentRegion = en;
			hasScannedForEncodings = 0;
			knownRegions = (
				en,
				Base,
			);
			mainGroup = FE01B7AA255E114C00C7D437;
			productRefGroup = FE01B7B4255E114C00C7D437 /* Products */;
			projectDirPath = "";
			projectRoot = "";
			targets = (
				FE01B7B2255E114C00C7D437 /* DiscountSpotify */,
				FE01B7CB255E114F00C7D437 /* DiscountSpotifyTests */,
				FE01B7D6255E114F00C7D437 /* DiscountSpotifyUITests */,
			);
		};
/* End PBXProject section */

/* Begin PBXResourcesBuildPhase section */
		FE01B7B1255E114C00C7D437 /* Resources */ = {
			isa = PBXResourcesBuildPhase;
			buildActionMask = 2147483647;
			files = (
				FE01B7C6255E114E00C7D437 /* LaunchScreen.storyboard in Resources */,
				FE01B7C3255E114E00C7D437 /* Assets.xcassets in Resources */,
			);
			runOnlyForDeploymentPostprocessing = 0;
		};
		FE01B7CA255E114F00C7D437 /* Resources */ = {
			isa = PBXResourcesBuildPhase;
			buildActionMask = 2147483647;
			files = (
			);
			runOnlyForDeploymentPostprocessing = 0;
		};
		FE01B7D5255E114F00C7D437 /* Resources */ = {
			isa = PBXResourcesBuildPhase;
			buildActionMask = 2147483647;
			files = (
			);
			runOnlyForDeploymentPostprocessing = 0;
		};
/* End PBXResourcesBuildPhase section */

/* Begin PBXShellScriptBuildPhase section */
		023B3A37384F638F94ECA6DD /* [CP] Check Pods Manifest.lock */ = {
			isa = PBXShellScriptBuildPhase;
			buildActionMask = 2147483647;
			files = (
			);
			inputFileListPaths = (
			);
			inputPaths = (
				"${PODS_PODFILE_DIR_PATH}/Podfile.lock",
				"${PODS_ROOT}/Manifest.lock",
			);
			name = "[CP] Check Pods Manifest.lock";
			outputFileListPaths = (
			);
			outputPaths = (
				"$(DERIVED_FILE_DIR)/Pods-DiscountSpotify-DiscountSpotifyUITests-checkManifestLockResult.txt",
			);
			runOnlyForDeploymentPostprocessing = 0;
			shellPath = /bin/sh;
			shellScript = "diff \"${PODS_PODFILE_DIR_PATH}/Podfile.lock\" \"${PODS_ROOT}/Manifest.lock\" > /dev/null\nif [ $? != 0 ] ; then\n    # print error to STDERR\n    echo \"error: The sandbox is not in sync with the Podfile.lock. Run 'pod install' or update your CocoaPods installation.\" >&2\n    exit 1\nfi\n# This output is used by Xcode 'outputs' to avoid re-running this script phase.\necho \"SUCCESS\" > \"${SCRIPT_OUTPUT_FILE_0}\"\n";
			showEnvVarsInLog = 0;
		};
		09609E48CDE944E5EE6B0100 /* [CP] Embed Pods Frameworks */ = {
			isa = PBXShellScriptBuildPhase;
			buildActionMask = 2147483647;
			files = (
			);
			inputFileListPaths = (
				"${PODS_ROOT}/Target Support Files/Pods-DiscountSpotify-DiscountSpotifyUITests/Pods-DiscountSpotify-DiscountSpotifyUITests-frameworks-${CONFIGURATION}-input-files.xcfilelist",
			);
			name = "[CP] Embed Pods Frameworks";
			outputFileListPaths = (
				"${PODS_ROOT}/Target Support Files/Pods-DiscountSpotify-DiscountSpotifyUITests/Pods-DiscountSpotify-DiscountSpotifyUITests-frameworks-${CONFIGURATION}-output-files.xcfilelist",
			);
			runOnlyForDeploymentPostprocessing = 0;
			shellPath = /bin/sh;
			shellScript = "\"${PODS_ROOT}/Target Support Files/Pods-DiscountSpotify-DiscountSpotifyUITests/Pods-DiscountSpotify-DiscountSpotifyUITests-frameworks.sh\"\n";
			showEnvVarsInLog = 0;
		};
		6C9C0D6492405DC5A0DA72F1 /* [CP] Embed Pods Frameworks */ = {
			isa = PBXShellScriptBuildPhase;
			buildActionMask = 2147483647;
			files = (
			);
			inputFileListPaths = (
				"${PODS_ROOT}/Target Support Files/Pods-DiscountSpotify/Pods-DiscountSpotify-frameworks-${CONFIGURATION}-input-files.xcfilelist",
			);
			name = "[CP] Embed Pods Frameworks";
			outputFileListPaths = (
				"${PODS_ROOT}/Target Support Files/Pods-DiscountSpotify/Pods-DiscountSpotify-frameworks-${CONFIGURATION}-output-files.xcfilelist",
			);
			runOnlyForDeploymentPostprocessing = 0;
			shellPath = /bin/sh;
			shellScript = "\"${PODS_ROOT}/Target Support Files/Pods-DiscountSpotify/Pods-DiscountSpotify-frameworks.sh\"\n";
			showEnvVarsInLog = 0;
		};
		B87E77B1BAB5E040E5D1281E /* [CP] Check Pods Manifest.lock */ = {
			isa = PBXShellScriptBuildPhase;
			buildActionMask = 2147483647;
			files = (
			);
			inputFileListPaths = (
			);
			inputPaths = (
				"${PODS_PODFILE_DIR_PATH}/Podfile.lock",
				"${PODS_ROOT}/Manifest.lock",
			);
			name = "[CP] Check Pods Manifest.lock";
			outputFileListPaths = (
			);
			outputPaths = (
				"$(DERIVED_FILE_DIR)/Pods-DiscountSpotify-checkManifestLockResult.txt",
			);
			runOnlyForDeploymentPostprocessing = 0;
			shellPath = /bin/sh;
			shellScript = "diff \"${PODS_PODFILE_DIR_PATH}/Podfile.lock\" \"${PODS_ROOT}/Manifest.lock\" > /dev/null\nif [ $? != 0 ] ; then\n    # print error to STDERR\n    echo \"error: The sandbox is not in sync with the Podfile.lock. Run 'pod install' or update your CocoaPods installation.\" >&2\n    exit 1\nfi\n# This output is used by Xcode 'outputs' to avoid re-running this script phase.\necho \"SUCCESS\" > \"${SCRIPT_OUTPUT_FILE_0}\"\n";
			showEnvVarsInLog = 0;
		};
		B8A410E572C323ED5FAE5325 /* [CP] Check Pods Manifest.lock */ = {
			isa = PBXShellScriptBuildPhase;
			buildActionMask = 2147483647;
			files = (
			);
			inputFileListPaths = (
			);
			inputPaths = (
				"${PODS_PODFILE_DIR_PATH}/Podfile.lock",
				"${PODS_ROOT}/Manifest.lock",
			);
			name = "[CP] Check Pods Manifest.lock";
			outputFileListPaths = (
			);
			outputPaths = (
				"$(DERIVED_FILE_DIR)/Pods-DiscountSpotifyTests-checkManifestLockResult.txt",
			);
			runOnlyForDeploymentPostprocessing = 0;
			shellPath = /bin/sh;
			shellScript = "diff \"${PODS_PODFILE_DIR_PATH}/Podfile.lock\" \"${PODS_ROOT}/Manifest.lock\" > /dev/null\nif [ $? != 0 ] ; then\n    # print error to STDERR\n    echo \"error: The sandbox is not in sync with the Podfile.lock. Run 'pod install' or update your CocoaPods installation.\" >&2\n    exit 1\nfi\n# This output is used by Xcode 'outputs' to avoid re-running this script phase.\necho \"SUCCESS\" > \"${SCRIPT_OUTPUT_FILE_0}\"\n";
			showEnvVarsInLog = 0;
		};
/* End PBXShellScriptBuildPhase section */

/* Begin PBXSourcesBuildPhase section */
		FE01B7AF255E114C00C7D437 /* Sources */ = {
			isa = PBXSourcesBuildPhase;
			buildActionMask = 2147483647;
			files = (
				FE76C5DE25AE1E3E00F68B53 /* MiniPlayerView.swift in Sources */,
				FE5C51C32580B70100A5B7E5 /* ArtistController.swift in Sources */,
				FE6D56CC25AC252F005307F8 /* Defaults.swift in Sources */,
				FE6D56C725AC2447005307F8 /* UserDefaults+Extensions.swift in Sources */,
				FECF685A25A94A36009EA06E /* FavTracks+CoreDataProperties.swift in Sources */,
				FE5DF0BE25822B90002CED16 /* CoreDataStack.swift in Sources */,
				FE0B62632576D31A00FE0C30 /* AppCoordinator.swift in Sources */,
				FE76C5CC25AD856900F68B53 /* UIView+Extensions.swift in Sources */,
				FE5DF08925818B0A002CED16 /* SpotifyAuth.swift in Sources */,
				FE76C5C725AD824F00F68B53 /* AppService.swift in Sources */,
				FE01B7ED255E137B00C7D437 /* Constants.swift in Sources */,
				FE9A10EC257A11EB0041A7A1 /* ArtistsTableViewCell.swift in Sources */,
				FE6D56D925AC311B005307F8 /* Track+Extensions.swift in Sources */,
				FE0B626B2576E07C00FE0C30 /* UIColor+Extensions.swift in Sources */,
				FE5140A225AD576600E90BFA /* MaxPlayerController.swift in Sources */,
				FE06B9612580C10200A38D89 /* TracksTableViewCell.swift in Sources */,
				FED9333825BD3A86005E5E73 /* Blurring.swift in Sources */,
				FE7FE5D3258046D9000978AD /* NetworkManager.swift in Sources */,
				FE6D56B025AC1B33005307F8 /* TrackSubscriber.swift in Sources */,
				FE5DF08E25818C03002CED16 /* ErrorMesseges.swift in Sources */,
				FE5DF0B82581DE21002CED16 /* TrackController.swift in Sources */,
				FE0B624C2576CF5F00FE0C30 /* TabBarController.swift in Sources */,
				FECF685925A94A36009EA06E /* FavTracks+CoreDataClass.swift in Sources */,
				FE01B7BB255E114C00C7D437 /* LogInController.swift in Sources */,
				FE0B62422576CDA300FE0C30 /* TabBarCoordinator.swift in Sources */,
				FE01B7B7255E114C00C7D437 /* AppDelegate.swift in Sources */,
				FE0B62512576CFBA00FE0C30 /* HomeController.swift in Sources */,
				FE01B7B9255E114C00C7D437 /* SceneDelegate.swift in Sources */,
				FE0B625B2576CFD500FE0C30 /* ProfileController.swift in Sources */,
				FE5C51BD2580A2F500A5B7E5 /* UIViewController+Extensions.swift in Sources */,
				FE76C5D125AD87AA00F68B53 /* TrackRemoteController.swift in Sources */,
				FE0B62562576CFC900FE0C30 /* FavoritesController.swift in Sources */,
				FE51409D25ACF21C00E90BFA /* UINavigationController+Extensions.swift in Sources */,
				FE01B7C1255E114C00C7D437 /* DiscountSpotify.xcdatamodeld in Sources */,
				FE6D56D125AC2E90005307F8 /* MiniPlayerController.swift in Sources */,
				FE0B62472576CDB400FE0C30 /* Coordinator.swift in Sources */,
				FE5DF09325819606002CED16 /* User.swift in Sources */,
			);
			runOnlyForDeploymentPostprocessing = 0;
		};
		FE01B7C8255E114F00C7D437 /* Sources */ = {
			isa = PBXSourcesBuildPhase;
			buildActionMask = 2147483647;
			files = (
				FE01B7D1255E114F00C7D437 /* DiscountSpotifyTests.swift in Sources */,
			);
			runOnlyForDeploymentPostprocessing = 0;
		};
		FE01B7D3255E114F00C7D437 /* Sources */ = {
			isa = PBXSourcesBuildPhase;
			buildActionMask = 2147483647;
			files = (
				FE01B7DC255E114F00C7D437 /* DiscountSpotifyUITests.swift in Sources */,
			);
			runOnlyForDeploymentPostprocessing = 0;
		};
/* End PBXSourcesBuildPhase section */

/* Begin PBXTargetDependency section */
		FE01B7CE255E114F00C7D437 /* PBXTargetDependency */ = {
			isa = PBXTargetDependency;
			target = FE01B7B2255E114C00C7D437 /* DiscountSpotify */;
			targetProxy = FE01B7CD255E114F00C7D437 /* PBXContainerItemProxy */;
		};
		FE01B7D9255E114F00C7D437 /* PBXTargetDependency */ = {
			isa = PBXTargetDependency;
			target = FE01B7B2255E114C00C7D437 /* DiscountSpotify */;
			targetProxy = FE01B7D8255E114F00C7D437 /* PBXContainerItemProxy */;
		};
/* End PBXTargetDependency section */

/* Begin PBXVariantGroup section */
		FE01B7C4255E114E00C7D437 /* LaunchScreen.storyboard */ = {
			isa = PBXVariantGroup;
			children = (
				FE01B7C5255E114E00C7D437 /* Base */,
			);
			name = LaunchScreen.storyboard;
			sourceTree = "<group>";
		};
/* End PBXVariantGroup section */

/* Begin XCBuildConfiguration section */
		FE01B7DE255E114F00C7D437 /* Debug */ = {
			isa = XCBuildConfiguration;
			buildSettings = {
				ALWAYS_SEARCH_USER_PATHS = NO;
				CLANG_ANALYZER_NONNULL = YES;
				CLANG_ANALYZER_NUMBER_OBJECT_CONVERSION = YES_AGGRESSIVE;
				CLANG_CXX_LANGUAGE_STANDARD = "gnu++14";
				CLANG_CXX_LIBRARY = "libc++";
				CLANG_ENABLE_MODULES = YES;
				CLANG_ENABLE_OBJC_ARC = YES;
				CLANG_ENABLE_OBJC_WEAK = YES;
				CLANG_WARN_BLOCK_CAPTURE_AUTORELEASING = YES;
				CLANG_WARN_BOOL_CONVERSION = YES;
				CLANG_WARN_COMMA = YES;
				CLANG_WARN_CONSTANT_CONVERSION = YES;
				CLANG_WARN_DEPRECATED_OBJC_IMPLEMENTATIONS = YES;
				CLANG_WARN_DIRECT_OBJC_ISA_USAGE = YES_ERROR;
				CLANG_WARN_DOCUMENTATION_COMMENTS = YES;
				CLANG_WARN_EMPTY_BODY = YES;
				CLANG_WARN_ENUM_CONVERSION = YES;
				CLANG_WARN_INFINITE_RECURSION = YES;
				CLANG_WARN_INT_CONVERSION = YES;
				CLANG_WARN_NON_LITERAL_NULL_CONVERSION = YES;
				CLANG_WARN_OBJC_IMPLICIT_RETAIN_SELF = YES;
				CLANG_WARN_OBJC_LITERAL_CONVERSION = YES;
				CLANG_WARN_OBJC_ROOT_CLASS = YES_ERROR;
				CLANG_WARN_QUOTED_INCLUDE_IN_FRAMEWORK_HEADER = YES;
				CLANG_WARN_RANGE_LOOP_ANALYSIS = YES;
				CLANG_WARN_STRICT_PROTOTYPES = YES;
				CLANG_WARN_SUSPICIOUS_MOVE = YES;
				CLANG_WARN_UNGUARDED_AVAILABILITY = YES_AGGRESSIVE;
				CLANG_WARN_UNREACHABLE_CODE = YES;
				CLANG_WARN__DUPLICATE_METHOD_MATCH = YES;
				COPY_PHASE_STRIP = NO;
				DEBUG_INFORMATION_FORMAT = dwarf;
				ENABLE_STRICT_OBJC_MSGSEND = YES;
				ENABLE_TESTABILITY = YES;
				GCC_C_LANGUAGE_STANDARD = gnu11;
				GCC_DYNAMIC_NO_PIC = NO;
				GCC_NO_COMMON_BLOCKS = YES;
				GCC_OPTIMIZATION_LEVEL = 0;
				GCC_PREPROCESSOR_DEFINITIONS = (
					"DEBUG=1",
					"$(inherited)",
				);
				GCC_WARN_64_TO_32_BIT_CONVERSION = YES;
				GCC_WARN_ABOUT_RETURN_TYPE = YES_ERROR;
				GCC_WARN_UNDECLARED_SELECTOR = YES;
				GCC_WARN_UNINITIALIZED_AUTOS = YES_AGGRESSIVE;
				GCC_WARN_UNUSED_FUNCTION = YES;
				GCC_WARN_UNUSED_VARIABLE = YES;
				IPHONEOS_DEPLOYMENT_TARGET = 14.1;
				MTL_ENABLE_DEBUG_INFO = INCLUDE_SOURCE;
				MTL_FAST_MATH = YES;
				ONLY_ACTIVE_ARCH = YES;
				SDKROOT = iphoneos;
				SWIFT_ACTIVE_COMPILATION_CONDITIONS = DEBUG;
				SWIFT_OBJC_BRIDGING_HEADER = "";
				SWIFT_OPTIMIZATION_LEVEL = "-Onone";
				SWIFT_PRECOMPILE_BRIDGING_HEADER = YES;
			};
			name = Debug;
		};
		FE01B7DF255E114F00C7D437 /* Release */ = {
			isa = XCBuildConfiguration;
			buildSettings = {
				ALWAYS_SEARCH_USER_PATHS = NO;
				CLANG_ANALYZER_NONNULL = YES;
				CLANG_ANALYZER_NUMBER_OBJECT_CONVERSION = YES_AGGRESSIVE;
				CLANG_CXX_LANGUAGE_STANDARD = "gnu++14";
				CLANG_CXX_LIBRARY = "libc++";
				CLANG_ENABLE_MODULES = YES;
				CLANG_ENABLE_OBJC_ARC = YES;
				CLANG_ENABLE_OBJC_WEAK = YES;
				CLANG_WARN_BLOCK_CAPTURE_AUTORELEASING = YES;
				CLANG_WARN_BOOL_CONVERSION = YES;
				CLANG_WARN_COMMA = YES;
				CLANG_WARN_CONSTANT_CONVERSION = YES;
				CLANG_WARN_DEPRECATED_OBJC_IMPLEMENTATIONS = YES;
				CLANG_WARN_DIRECT_OBJC_ISA_USAGE = YES_ERROR;
				CLANG_WARN_DOCUMENTATION_COMMENTS = YES;
				CLANG_WARN_EMPTY_BODY = YES;
				CLANG_WARN_ENUM_CONVERSION = YES;
				CLANG_WARN_INFINITE_RECURSION = YES;
				CLANG_WARN_INT_CONVERSION = YES;
				CLANG_WARN_NON_LITERAL_NULL_CONVERSION = YES;
				CLANG_WARN_OBJC_IMPLICIT_RETAIN_SELF = YES;
				CLANG_WARN_OBJC_LITERAL_CONVERSION = YES;
				CLANG_WARN_OBJC_ROOT_CLASS = YES_ERROR;
				CLANG_WARN_QUOTED_INCLUDE_IN_FRAMEWORK_HEADER = YES;
				CLANG_WARN_RANGE_LOOP_ANALYSIS = YES;
				CLANG_WARN_STRICT_PROTOTYPES = YES;
				CLANG_WARN_SUSPICIOUS_MOVE = YES;
				CLANG_WARN_UNGUARDED_AVAILABILITY = YES_AGGRESSIVE;
				CLANG_WARN_UNREACHABLE_CODE = YES;
				CLANG_WARN__DUPLICATE_METHOD_MATCH = YES;
				COPY_PHASE_STRIP = NO;
				DEBUG_INFORMATION_FORMAT = "dwarf-with-dsym";
				ENABLE_NS_ASSERTIONS = NO;
				ENABLE_STRICT_OBJC_MSGSEND = YES;
				GCC_C_LANGUAGE_STANDARD = gnu11;
				GCC_NO_COMMON_BLOCKS = YES;
				GCC_WARN_64_TO_32_BIT_CONVERSION = YES;
				GCC_WARN_ABOUT_RETURN_TYPE = YES_ERROR;
				GCC_WARN_UNDECLARED_SELECTOR = YES;
				GCC_WARN_UNINITIALIZED_AUTOS = YES_AGGRESSIVE;
				GCC_WARN_UNUSED_FUNCTION = YES;
				GCC_WARN_UNUSED_VARIABLE = YES;
				IPHONEOS_DEPLOYMENT_TARGET = 14.1;
				MTL_ENABLE_DEBUG_INFO = NO;
				MTL_FAST_MATH = YES;
				SDKROOT = iphoneos;
				SWIFT_COMPILATION_MODE = wholemodule;
				SWIFT_OBJC_BRIDGING_HEADER = "";
				SWIFT_OPTIMIZATION_LEVEL = "-O";
				SWIFT_PRECOMPILE_BRIDGING_HEADER = YES;
				VALIDATE_PRODUCT = YES;
			};
			name = Release;
		};
		FE01B7E1255E114F00C7D437 /* Debug */ = {
			isa = XCBuildConfiguration;
			baseConfigurationReference = D9B6661EB49FAF49A5774C45 /* Pods-DiscountSpotify.debug.xcconfig */;
			buildSettings = {
				ASSETCATALOG_COMPILER_APPICON_NAME = AppIcon;
				ASSETCATALOG_COMPILER_GLOBAL_ACCENT_COLOR_NAME = AccentColor;
				CODE_SIGN_STYLE = Automatic;
				DEVELOPMENT_TEAM = 26PJ89TRRV;
				FRAMEWORK_SEARCH_PATHS = (
					"$(inherited)",
					"$(PROJECT_DIR)/DiscountSpotify/Supporting\\ Files/Frameworks",
					"$(PROJECT_DIR)/DiscountSpotify/Supporting\\ Files/Frameworks",
					"$(PROJECT_DIR)/DiscountSpotify/Supporting\\ Files/Frameworks",
					"$(PROJECT_DIR)/DiscountSpotify/Supporting\\ Files/Frameworks",
					"$(PROJECT_DIR)/DiscountSpotify/Supporting\\ Files/Frameworks",
					"$(PROJECT_DIR)/DiscountSpotify/Supporting\\ Files/Frameworks",
					"$(PROJECT_DIR)",
				);
				INFOPLIST_FILE = "DiscountSpotify/Supporting Files/Info.plist";
				LD_RUNPATH_SEARCH_PATHS = (
					"$(inherited)",
					"@executable_path/Frameworks",
				);
				OTHER_LDFLAGS = (
					"$(inherited)",
					"-framework",
					"\"Accelerate\"",
					"-framework",
					"\"AlamoRecord\"",
					"-framework",
					"\"Alamofire\"",
					"-framework",
					"\"AlamofireObjectMapper\"",
					"-framework",
					"\"CFNetwork\"",
					"-framework",
					"\"Kingfisher\"",
					"-framework",
					"\"ObjectMapper\"",
					"-framework",
					"\"SnapKit\"",
					"-framework",
					"\"Spartan\"",
					"-framework",
					"\"SwipeableTabBarController\"",
					"-Objc",
				);
				PRODUCT_BUNDLE_IDENTIFIER = com.markkim.DiscountSpotify;
				PRODUCT_NAME = "$(TARGET_NAME)";
				SWIFT_OBJC_BRIDGING_HEADER = "DiscountSpotify-Bridging-Header.h";
				SWIFT_PRECOMPILE_BRIDGING_HEADER = YES;
				SWIFT_VERSION = 5.0;
				TARGETED_DEVICE_FAMILY = "1,2";
			};
			name = Debug;
		};
		FE01B7E2255E114F00C7D437 /* Release */ = {
			isa = XCBuildConfiguration;
			baseConfigurationReference = B6C28F5A9F809D26901C5325 /* Pods-DiscountSpotify.release.xcconfig */;
			buildSettings = {
				ASSETCATALOG_COMPILER_APPICON_NAME = AppIcon;
				ASSETCATALOG_COMPILER_GLOBAL_ACCENT_COLOR_NAME = AccentColor;
				CODE_SIGN_STYLE = Automatic;
				DEVELOPMENT_TEAM = 26PJ89TRRV;
				FRAMEWORK_SEARCH_PATHS = (
					"$(inherited)",
					"$(PROJECT_DIR)/DiscountSpotify/Supporting\\ Files/Frameworks",
					"$(PROJECT_DIR)/DiscountSpotify/Supporting\\ Files/Frameworks",
					"$(PROJECT_DIR)/DiscountSpotify/Supporting\\ Files/Frameworks",
					"$(PROJECT_DIR)/DiscountSpotify/Supporting\\ Files/Frameworks",
					"$(PROJECT_DIR)/DiscountSpotify/Supporting\\ Files/Frameworks",
					"$(PROJECT_DIR)/DiscountSpotify/Supporting\\ Files/Frameworks",
					"$(PROJECT_DIR)",
				);
				INFOPLIST_FILE = "DiscountSpotify/Supporting Files/Info.plist";
				LD_RUNPATH_SEARCH_PATHS = (
					"$(inherited)",
					"@executable_path/Frameworks",
				);
				OTHER_LDFLAGS = (
					"$(inherited)",
					"-framework",
					"\"Accelerate\"",
					"-framework",
					"\"AlamoRecord\"",
					"-framework",
					"\"Alamofire\"",
					"-framework",
					"\"AlamofireObjectMapper\"",
					"-framework",
					"\"CFNetwork\"",
					"-framework",
					"\"Kingfisher\"",
					"-framework",
					"\"ObjectMapper\"",
					"-framework",
					"\"SnapKit\"",
					"-framework",
					"\"Spartan\"",
					"-framework",
					"\"SwipeableTabBarController\"",
					"-Objc",
				);
				PRODUCT_BUNDLE_IDENTIFIER = com.markkim.DiscountSpotify;
				PRODUCT_NAME = "$(TARGET_NAME)";
				SWIFT_OBJC_BRIDGING_HEADER = "DiscountSpotify-Bridging-Header.h";
				SWIFT_PRECOMPILE_BRIDGING_HEADER = YES;
				SWIFT_VERSION = 5.0;
				TARGETED_DEVICE_FAMILY = "1,2";
			};
			name = Release;
		};
		FE01B7E4255E114F00C7D437 /* Debug */ = {
			isa = XCBuildConfiguration;
			baseConfigurationReference = 5A033215616A27854426C5B6 /* Pods-DiscountSpotifyTests.debug.xcconfig */;
			buildSettings = {
				ALWAYS_EMBED_SWIFT_STANDARD_LIBRARIES = YES;
				BUNDLE_LOADER = "$(TEST_HOST)";
				CODE_SIGN_STYLE = Automatic;
				INFOPLIST_FILE = DiscountSpotifyTests/Info.plist;
				IPHONEOS_DEPLOYMENT_TARGET = 14.1;
				LD_RUNPATH_SEARCH_PATHS = (
					"$(inherited)",
					"@executable_path/Frameworks",
					"@loader_path/Frameworks",
				);
				PRODUCT_BUNDLE_IDENTIFIER = com.markkim.DiscountSpotifyTests;
				PRODUCT_NAME = "$(TARGET_NAME)";
				SWIFT_VERSION = 5.0;
				TARGETED_DEVICE_FAMILY = "1,2";
				TEST_HOST = "$(BUILT_PRODUCTS_DIR)/DiscountSpotify.app/DiscountSpotify";
			};
			name = Debug;
		};
		FE01B7E5255E114F00C7D437 /* Release */ = {
			isa = XCBuildConfiguration;
			baseConfigurationReference = A5B157293A55508DB3FA0056 /* Pods-DiscountSpotifyTests.release.xcconfig */;
			buildSettings = {
				ALWAYS_EMBED_SWIFT_STANDARD_LIBRARIES = YES;
				BUNDLE_LOADER = "$(TEST_HOST)";
				CODE_SIGN_STYLE = Automatic;
				INFOPLIST_FILE = DiscountSpotifyTests/Info.plist;
				IPHONEOS_DEPLOYMENT_TARGET = 14.1;
				LD_RUNPATH_SEARCH_PATHS = (
					"$(inherited)",
					"@executable_path/Frameworks",
					"@loader_path/Frameworks",
				);
				PRODUCT_BUNDLE_IDENTIFIER = com.markkim.DiscountSpotifyTests;
				PRODUCT_NAME = "$(TARGET_NAME)";
				SWIFT_VERSION = 5.0;
				TARGETED_DEVICE_FAMILY = "1,2";
				TEST_HOST = "$(BUILT_PRODUCTS_DIR)/DiscountSpotify.app/DiscountSpotify";
			};
			name = Release;
		};
		FE01B7E7255E114F00C7D437 /* Debug */ = {
			isa = XCBuildConfiguration;
			baseConfigurationReference = B360BFDBC7856BDD1AF19A17 /* Pods-DiscountSpotify-DiscountSpotifyUITests.debug.xcconfig */;
			buildSettings = {
				ALWAYS_EMBED_SWIFT_STANDARD_LIBRARIES = YES;
				CODE_SIGN_STYLE = Automatic;
				INFOPLIST_FILE = DiscountSpotifyUITests/Info.plist;
				LD_RUNPATH_SEARCH_PATHS = (
					"$(inherited)",
					"@executable_path/Frameworks",
					"@loader_path/Frameworks",
				);
				PRODUCT_BUNDLE_IDENTIFIER = com.markkim.DiscountSpotifyUITests;
				PRODUCT_NAME = "$(TARGET_NAME)";
				SWIFT_VERSION = 5.0;
				TARGETED_DEVICE_FAMILY = "1,2";
				TEST_TARGET_NAME = DiscountSpotify;
			};
			name = Debug;
		};
		FE01B7E8255E114F00C7D437 /* Release */ = {
			isa = XCBuildConfiguration;
			baseConfigurationReference = 157FD2E29CF79B868B14EF11 /* Pods-DiscountSpotify-DiscountSpotifyUITests.release.xcconfig */;
			buildSettings = {
				ALWAYS_EMBED_SWIFT_STANDARD_LIBRARIES = YES;
				CODE_SIGN_STYLE = Automatic;
				INFOPLIST_FILE = DiscountSpotifyUITests/Info.plist;
				LD_RUNPATH_SEARCH_PATHS = (
					"$(inherited)",
					"@executable_path/Frameworks",
					"@loader_path/Frameworks",
				);
				PRODUCT_BUNDLE_IDENTIFIER = com.markkim.DiscountSpotifyUITests;
				PRODUCT_NAME = "$(TARGET_NAME)";
				SWIFT_VERSION = 5.0;
				TARGETED_DEVICE_FAMILY = "1,2";
				TEST_TARGET_NAME = DiscountSpotify;
			};
			name = Release;
		};
/* End XCBuildConfiguration section */

/* Begin XCConfigurationList section */
		FE01B7AE255E114C00C7D437 /* Build configuration list for PBXProject "DiscountSpotify" */ = {
			isa = XCConfigurationList;
			buildConfigurations = (
				FE01B7DE255E114F00C7D437 /* Debug */,
				FE01B7DF255E114F00C7D437 /* Release */,
			);
			defaultConfigurationIsVisible = 0;
			defaultConfigurationName = Release;
		};
		FE01B7E0255E114F00C7D437 /* Build configuration list for PBXNativeTarget "DiscountSpotify" */ = {
			isa = XCConfigurationList;
			buildConfigurations = (
				FE01B7E1255E114F00C7D437 /* Debug */,
				FE01B7E2255E114F00C7D437 /* Release */,
			);
			defaultConfigurationIsVisible = 0;
			defaultConfigurationName = Release;
		};
		FE01B7E3255E114F00C7D437 /* Build configuration list for PBXNativeTarget "DiscountSpotifyTests" */ = {
			isa = XCConfigurationList;
			buildConfigurations = (
				FE01B7E4255E114F00C7D437 /* Debug */,
				FE01B7E5255E114F00C7D437 /* Release */,
			);
			defaultConfigurationIsVisible = 0;
			defaultConfigurationName = Release;
		};
		FE01B7E6255E114F00C7D437 /* Build configuration list for PBXNativeTarget "DiscountSpotifyUITests" */ = {
			isa = XCConfigurationList;
			buildConfigurations = (
				FE01B7E7255E114F00C7D437 /* Debug */,
				FE01B7E8255E114F00C7D437 /* Release */,
			);
			defaultConfigurationIsVisible = 0;
			defaultConfigurationName = Release;
		};
/* End XCConfigurationList section */

/* Begin XCVersionGroup section */
		FE01B7BF255E114C00C7D437 /* DiscountSpotify.xcdatamodeld */ = {
			isa = XCVersionGroup;
			children = (
				FE01B7C0255E114C00C7D437 /* DiscountSpotify.xcdatamodel */,
			);
			currentVersion = FE01B7C0255E114C00C7D437 /* DiscountSpotify.xcdatamodel */;
			path = DiscountSpotify.xcdatamodeld;
			sourceTree = "<group>";
			versionGroupType = wrapper.xcdatamodel;
		};
/* End XCVersionGroup section */
	};
	rootObject = FE01B7AB255E114C00C7D437 /* Project object */;
}
